// !$*UTF8*$!
{
	archiveVersion = 1;
	classes = {
	};
	objectVersion = 56;
	objects = {

/* Begin PBXBuildFile section */
		04100ECC29293089004E124C /* ImagePickerView.swift in Sources */ = {isa = PBXBuildFile; fileRef = 04100ECB29293089004E124C /* ImagePickerView.swift */; };
		043173FD2930FC6200BF0ADC /* Produit.swift in Sources */ = {isa = PBXBuildFile; fileRef = 043173FC2930FC6200BF0ADC /* Produit.swift */; };
		0431740229310D5500BF0ADC /* ProductCard.swift in Sources */ = {isa = PBXBuildFile; fileRef = 0431740129310D5500BF0ADC /* ProductCard.swift */; };
		0431740529311A1D00BF0ADC /* ContentView.swift in Sources */ = {isa = PBXBuildFile; fileRef = 0431740429311A1D00BF0ADC /* ContentView.swift */; };
		043174072931279900BF0ADC /* CartButton.swift in Sources */ = {isa = PBXBuildFile; fileRef = 043174062931279900BF0ADC /* CartButton.swift */; };
		0431740929312B9100BF0ADC /* CartView.swift in Sources */ = {isa = PBXBuildFile; fileRef = 0431740829312B9100BF0ADC /* CartView.swift */; };
		0431740B29312D7C00BF0ADC /* CartManager.swift in Sources */ = {isa = PBXBuildFile; fileRef = 0431740A29312D7C00BF0ADC /* CartManager.swift */; };
		0431740D29313BCD00BF0ADC /* ProductRow.swift in Sources */ = {isa = PBXBuildFile; fileRef = 0431740C29313BCD00BF0ADC /* ProductRow.swift */; };
		0444E676292BEAE0000AD700 /* UserProfileView.swift in Sources */ = {isa = PBXBuildFile; fileRef = 0444E675292BEAE0000AD700 /* UserProfileView.swift */; };
		0444E678292BF9A9000AD700 /* DateEntretienUIView.swift in Sources */ = {isa = PBXBuildFile; fileRef = 0444E677292BF9A9000AD700 /* DateEntretienUIView.swift */; };
		0444E67A292C0CD3000AD700 /* SwiftUIView.swift in Sources */ = {isa = PBXBuildFile; fileRef = 0444E679292C0CD3000AD700 /* SwiftUIView.swift */; };
		0444E680292C12B3000AD700 /* StatistiqueUIView.swift in Sources */ = {isa = PBXBuildFile; fileRef = 0444E67F292C12B3000AD700 /* StatistiqueUIView.swift */; };
		0444E682292C12C5000AD700 /* ChatUIView.swift in Sources */ = {isa = PBXBuildFile; fileRef = 0444E681292C12C5000AD700 /* ChatUIView.swift */; };
		0444E684292C1390000AD700 /* AddCarUIView.swift in Sources */ = {isa = PBXBuildFile; fileRef = 0444E683292C1390000AD700 /* AddCarUIView.swift */; };
		0444E686292C1DFF000AD700 /* Car.swift in Sources */ = {isa = PBXBuildFile; fileRef = 0444E685292C1DFF000AD700 /* Car.swift */; };
		04989F7829202E7D0041FF59 /* carNoteApp.swift in Sources */ = {isa = PBXBuildFile; fileRef = 04989F7729202E7D0041FF59 /* carNoteApp.swift */; };
		04989F7A29202E7D0041FF59 /* HomeView.swift in Sources */ = {isa = PBXBuildFile; fileRef = 04989F7929202E7D0041FF59 /* HomeView.swift */; };
		04989F7C29202E7E0041FF59 /* Assets.xcassets in Resources */ = {isa = PBXBuildFile; fileRef = 04989F7B29202E7E0041FF59 /* Assets.xcassets */; };
		04989F7F29202E7E0041FF59 /* Preview Assets.xcassets in Resources */ = {isa = PBXBuildFile; fileRef = 04989F7E29202E7E0041FF59 /* Preview Assets.xcassets */; };
		04989F8129202E7E0041FF59 /* Persistence.swift in Sources */ = {isa = PBXBuildFile; fileRef = 04989F8029202E7E0041FF59 /* Persistence.swift */; };
		04989F8429202E7E0041FF59 /* carNote.xcdatamodeld in Sources */ = {isa = PBXBuildFile; fileRef = 04989F8229202E7E0041FF59 /* carNote.xcdatamodeld */; };
		04989F9129202F6A0041FF59 /* User.swift in Sources */ = {isa = PBXBuildFile; fileRef = 04989F9029202F6A0041FF59 /* User.swift */; };
		04989F9329202F940041FF59 /* UserViewModel.swift in Sources */ = {isa = PBXBuildFile; fileRef = 04989F9229202F940041FF59 /* UserViewModel.swift */; };
		04989F9529202FBE0041FF59 /* ForgotPasswordView.swift in Sources */ = {isa = PBXBuildFile; fileRef = 04989F9429202FBE0041FF59 /* ForgotPasswordView.swift */; };
		04989F9729202FE20041FF59 /* LoginScreenView.swift in Sources */ = {isa = PBXBuildFile; fileRef = 04989F9629202FE20041FF59 /* LoginScreenView.swift */; };
		04989F9929202FFC0041FF59 /* ModifyView.swift in Sources */ = {isa = PBXBuildFile; fileRef = 04989F9829202FFC0041FF59 /* ModifyView.swift */; };
		04989F9B292030130041FF59 /* ProfileView.swift in Sources */ = {isa = PBXBuildFile; fileRef = 04989F9A292030130041FF59 /* ProfileView.swift */; };
		04989F9D2920302C0041FF59 /* RegisterView.swift in Sources */ = {isa = PBXBuildFile; fileRef = 04989F9C2920302C0041FF59 /* RegisterView.swift */; };
		04989F9F2920305F0041FF59 /* VerifView.swift in Sources */ = {isa = PBXBuildFile; fileRef = 04989F9E2920305F0041FF59 /* VerifView.swift */; };
		04989FA2292030F70041FF59 /* Alamofire in Frameworks */ = {isa = PBXBuildFile; productRef = 04989FA1292030F70041FF59 /* Alamofire */; };
		04E53372292D0CE9008BB882 /* CarViewModel.swift in Sources */ = {isa = PBXBuildFile; fileRef = 04E53371292D0CE9008BB882 /* CarViewModel.swift */; };
		04E53377292D54D4008BB882 /* CarUIView.swift in Sources */ = {isa = PBXBuildFile; fileRef = 04E53376292D54D4008BB882 /* CarUIView.swift */; };
/* End PBXBuildFile section */

/* Begin PBXFileReference section */
		04100ECB29293089004E124C /* ImagePickerView.swift */ = {isa = PBXFileReference; lastKnownFileType = sourcecode.swift; path = ImagePickerView.swift; sourceTree = "<group>"; };
		043173FC2930FC6200BF0ADC /* Produit.swift */ = {isa = PBXFileReference; lastKnownFileType = sourcecode.swift; path = Produit.swift; sourceTree = "<group>"; };
		0431740129310D5500BF0ADC /* ProductCard.swift */ = {isa = PBXFileReference; lastKnownFileType = sourcecode.swift; path = ProductCard.swift; sourceTree = "<group>"; };
		0431740429311A1D00BF0ADC /* ContentView.swift */ = {isa = PBXFileReference; lastKnownFileType = sourcecode.swift; path = ContentView.swift; sourceTree = "<group>"; };
		043174062931279900BF0ADC /* CartButton.swift */ = {isa = PBXFileReference; lastKnownFileType = sourcecode.swift; path = CartButton.swift; sourceTree = "<group>"; };
		0431740829312B9100BF0ADC /* CartView.swift */ = {isa = PBXFileReference; lastKnownFileType = sourcecode.swift; path = CartView.swift; sourceTree = "<group>"; };
		0431740A29312D7C00BF0ADC /* CartManager.swift */ = {isa = PBXFileReference; lastKnownFileType = sourcecode.swift; path = CartManager.swift; sourceTree = "<group>"; };
		0431740C29313BCD00BF0ADC /* ProductRow.swift */ = {isa = PBXFileReference; lastKnownFileType = sourcecode.swift; path = ProductRow.swift; sourceTree = "<group>"; };
		0444E675292BEAE0000AD700 /* UserProfileView.swift */ = {isa = PBXFileReference; lastKnownFileType = sourcecode.swift; path = UserProfileView.swift; sourceTree = "<group>"; };
		0444E677292BF9A9000AD700 /* DateEntretienUIView.swift */ = {isa = PBXFileReference; lastKnownFileType = sourcecode.swift; path = DateEntretienUIView.swift; sourceTree = "<group>"; };
		0444E679292C0CD3000AD700 /* SwiftUIView.swift */ = {isa = PBXFileReference; lastKnownFileType = sourcecode.swift; path = SwiftUIView.swift; sourceTree = "<group>"; };
		0444E67F292C12B3000AD700 /* StatistiqueUIView.swift */ = {isa = PBXFileReference; lastKnownFileType = sourcecode.swift; path = StatistiqueUIView.swift; sourceTree = "<group>"; };
		0444E681292C12C5000AD700 /* ChatUIView.swift */ = {isa = PBXFileReference; lastKnownFileType = sourcecode.swift; path = ChatUIView.swift; sourceTree = "<group>"; };
		0444E683292C1390000AD700 /* AddCarUIView.swift */ = {isa = PBXFileReference; lastKnownFileType = sourcecode.swift; path = AddCarUIView.swift; sourceTree = "<group>"; };
		0444E685292C1DFF000AD700 /* Car.swift */ = {isa = PBXFileReference; lastKnownFileType = sourcecode.swift; path = Car.swift; sourceTree = "<group>"; };
		04989F7429202E7D0041FF59 /* carNote.app */ = {isa = PBXFileReference; explicitFileType = wrapper.application; includeInIndex = 0; path = carNote.app; sourceTree = BUILT_PRODUCTS_DIR; };
		04989F7729202E7D0041FF59 /* carNoteApp.swift */ = {isa = PBXFileReference; lastKnownFileType = sourcecode.swift; path = carNoteApp.swift; sourceTree = "<group>"; };
		04989F7929202E7D0041FF59 /* HomeView.swift */ = {isa = PBXFileReference; lastKnownFileType = sourcecode.swift; path = HomeView.swift; sourceTree = "<group>"; };
		04989F7B29202E7E0041FF59 /* Assets.xcassets */ = {isa = PBXFileReference; lastKnownFileType = folder.assetcatalog; path = Assets.xcassets; sourceTree = "<group>"; };
		04989F7E29202E7E0041FF59 /* Preview Assets.xcassets */ = {isa = PBXFileReference; lastKnownFileType = folder.assetcatalog; path = "Preview Assets.xcassets"; sourceTree = "<group>"; };
		04989F8029202E7E0041FF59 /* Persistence.swift */ = {isa = PBXFileReference; lastKnownFileType = sourcecode.swift; path = Persistence.swift; sourceTree = "<group>"; };
		04989F8329202E7E0041FF59 /* carNote.xcdatamodel */ = {isa = PBXFileReference; lastKnownFileType = wrapper.xcdatamodel; path = carNote.xcdatamodel; sourceTree = "<group>"; };
		04989F9029202F6A0041FF59 /* User.swift */ = {isa = PBXFileReference; lastKnownFileType = sourcecode.swift; path = User.swift; sourceTree = "<group>"; };
		04989F9229202F940041FF59 /* UserViewModel.swift */ = {isa = PBXFileReference; lastKnownFileType = sourcecode.swift; path = UserViewModel.swift; sourceTree = "<group>"; };
		04989F9429202FBE0041FF59 /* ForgotPasswordView.swift */ = {isa = PBXFileReference; lastKnownFileType = sourcecode.swift; path = ForgotPasswordView.swift; sourceTree = "<group>"; };
		04989F9629202FE20041FF59 /* LoginScreenView.swift */ = {isa = PBXFileReference; lastKnownFileType = sourcecode.swift; path = LoginScreenView.swift; sourceTree = "<group>"; };
		04989F9829202FFC0041FF59 /* ModifyView.swift */ = {isa = PBXFileReference; lastKnownFileType = sourcecode.swift; path = ModifyView.swift; sourceTree = "<group>"; };
		04989F9A292030130041FF59 /* ProfileView.swift */ = {isa = PBXFileReference; lastKnownFileType = sourcecode.swift; path = ProfileView.swift; sourceTree = "<group>"; };
		04989F9C2920302C0041FF59 /* RegisterView.swift */ = {isa = PBXFileReference; lastKnownFileType = sourcecode.swift; path = RegisterView.swift; sourceTree = "<group>"; };
		04989F9E2920305F0041FF59 /* VerifView.swift */ = {isa = PBXFileReference; lastKnownFileType = sourcecode.swift; path = VerifView.swift; sourceTree = "<group>"; };
		04E53371292D0CE9008BB882 /* CarViewModel.swift */ = {isa = PBXFileReference; lastKnownFileType = sourcecode.swift; path = CarViewModel.swift; sourceTree = "<group>"; };
		04E53376292D54D4008BB882 /* CarUIView.swift */ = {isa = PBXFileReference; lastKnownFileType = sourcecode.swift; path = CarUIView.swift; sourceTree = "<group>"; };
/* End PBXFileReference section */

/* Begin PBXFrameworksBuildPhase section */
		04989F7129202E7D0041FF59 /* Frameworks */ = {
			isa = PBXFrameworksBuildPhase;
			buildActionMask = 2147483647;
			files = (
				04989FA2292030F70041FF59 /* Alamofire in Frameworks */,
			);
			runOnlyForDeploymentPostprocessing = 0;
		};
/* End PBXFrameworksBuildPhase section */

/* Begin PBXGroup section */
		043174002930FCC700BF0ADC /* CarInterfaces */ = {
			isa = PBXGroup;
			children = (
				04E53376292D54D4008BB882 /* CarUIView.swift */,
				0444E683292C1390000AD700 /* AddCarUIView.swift */,
				0431740129310D5500BF0ADC /* ProductCard.swift */,
				043174062931279900BF0ADC /* CartButton.swift */,
				0431740829312B9100BF0ADC /* CartView.swift */,
				0431740A29312D7C00BF0ADC /* CartManager.swift */,
				0431740C29313BCD00BF0ADC /* ProductRow.swift */,
			);
			path = CarInterfaces;
			sourceTree = "<group>";
		};
		04317403293116FE00BF0ADC /* Product */ = {
			isa = PBXGroup;
			children = (
			);
			path = Product;
			sourceTree = "<group>";
		};
		04989F6B29202E7D0041FF59 = {
			isa = PBXGroup;
			children = (
				043174002930FCC700BF0ADC /* CarInterfaces */,
				04E53373292D5214008BB882 /* userinterfaces */,
				04100ECB29293089004E124C /* ImagePickerView.swift */,
				04989F7629202E7D0041FF59 /* carNote */,
				04989F7529202E7D0041FF59 /* Products */,
			);
			sourceTree = "<group>";
		};
		04989F7529202E7D0041FF59 /* Products */ = {
			isa = PBXGroup;
			children = (
				04989F7429202E7D0041FF59 /* carNote.app */,
			);
			name = Products;
			sourceTree = "<group>";
		};
		04989F7629202E7D0041FF59 /* carNote */ = {
			isa = PBXGroup;
			children = (
				04989F8F29202F410041FF59 /* ViewModel */,
				04989F8E29202F360041FF59 /* Model */,
				04989F7729202E7D0041FF59 /* carNoteApp.swift */,
				04989F7929202E7D0041FF59 /* HomeView.swift */,
				04989F7B29202E7E0041FF59 /* Assets.xcassets */,
				04989F8029202E7E0041FF59 /* Persistence.swift */,
				04989F8229202E7E0041FF59 /* carNote.xcdatamodeld */,
				04989F7D29202E7E0041FF59 /* Preview Content */,
				0444E67F292C12B3000AD700 /* StatistiqueUIView.swift */,
				0444E681292C12C5000AD700 /* ChatUIView.swift */,
				0444E679292C0CD3000AD700 /* SwiftUIView.swift */,
				0444E677292BF9A9000AD700 /* DateEntretienUIView.swift */,
				0431740429311A1D00BF0ADC /* ContentView.swift */,
			);
			path = carNote;
			sourceTree = "<group>";
		};
		04989F7D29202E7E0041FF59 /* Preview Content */ = {
			isa = PBXGroup;
			children = (
				04989F7E29202E7E0041FF59 /* Preview Assets.xcassets */,
			);
			path = "Preview Content";
			sourceTree = "<group>";
		};
		04989F8E29202F360041FF59 /* Model */ = {
			isa = PBXGroup;
			children = (
				04989F9029202F6A0041FF59 /* User.swift */,
				0444E685292C1DFF000AD700 /* Car.swift */,
				043173FC2930FC6200BF0ADC /* Produit.swift */,
			);
			path = Model;
			sourceTree = "<group>";
		};
		04989F8F29202F410041FF59 /* ViewModel */ = {
			isa = PBXGroup;
			children = (
				04989F9229202F940041FF59 /* UserViewModel.swift */,
				04E53371292D0CE9008BB882 /* CarViewModel.swift */,
			);
			path = ViewModel;
			sourceTree = "<group>";
		};
		04E53373292D5214008BB882 /* userinterfaces */ = {
			isa = PBXGroup;
			children = (
				04317403293116FE00BF0ADC /* Product */,
				0444E675292BEAE0000AD700 /* UserProfileView.swift */,
				04989F9629202FE20041FF59 /* LoginScreenView.swift */,
				04989F9829202FFC0041FF59 /* ModifyView.swift */,
				04989F9A292030130041FF59 /* ProfileView.swift */,
				04989F9C2920302C0041FF59 /* RegisterView.swift */,
				04989F9E2920305F0041FF59 /* VerifView.swift */,
				04989F9429202FBE0041FF59 /* ForgotPasswordView.swift */,
			);
			path = userinterfaces;
			sourceTree = "<group>";
		};
/* End PBXGroup section */

/* Begin PBXNativeTarget section */
		04989F7329202E7D0041FF59 /* carNote */ = {
			isa = PBXNativeTarget;
			buildConfigurationList = 04989F8729202E7E0041FF59 /* Build configuration list for PBXNativeTarget "carNote" */;
			buildPhases = (
				04989F7029202E7D0041FF59 /* Sources */,
				04989F7129202E7D0041FF59 /* Frameworks */,
				04989F7229202E7D0041FF59 /* Resources */,
			);
			buildRules = (
			);
			dependencies = (
			);
			name = carNote;
			packageProductDependencies = (
				04989FA1292030F70041FF59 /* Alamofire */,
			);
			productName = carNote;
			productReference = 04989F7429202E7D0041FF59 /* carNote.app */;
			productType = "com.apple.product-type.application";
		};
/* End PBXNativeTarget section */

/* Begin PBXProject section */
		04989F6C29202E7D0041FF59 /* Project object */ = {
			isa = PBXProject;
			attributes = {
				BuildIndependentTargetsInParallel = 1;
				LastSwiftUpdateCheck = 1410;
				LastUpgradeCheck = 1410;
				TargetAttributes = {
					04989F7329202E7D0041FF59 = {
						CreatedOnToolsVersion = 14.1;
					};
				};
			};
			buildConfigurationList = 04989F6F29202E7D0041FF59 /* Build configuration list for PBXProject "carNote" */;
			compatibilityVersion = "Xcode 14.0";
			developmentRegion = en;
			hasScannedForEncodings = 0;
			knownRegions = (
				en,
				Base,
			);
			mainGroup = 04989F6B29202E7D0041FF59;
			packageReferences = (
				04989FA0292030F70041FF59 /* XCRemoteSwiftPackageReference "Alamofire" */,
			);
			productRefGroup = 04989F7529202E7D0041FF59 /* Products */;
			projectDirPath = "";
			projectRoot = "";
			targets = (
				04989F7329202E7D0041FF59 /* carNote */,
			);
		};
/* End PBXProject section */

/* Begin PBXResourcesBuildPhase section */
		04989F7229202E7D0041FF59 /* Resources */ = {
			isa = PBXResourcesBuildPhase;
			buildActionMask = 2147483647;
			files = (
				04989F7F29202E7E0041FF59 /* Preview Assets.xcassets in Resources */,
				04989F7C29202E7E0041FF59 /* Assets.xcassets in Resources */,
			);
			runOnlyForDeploymentPostprocessing = 0;
		};
/* End PBXResourcesBuildPhase section */

/* Begin PBXSourcesBuildPhase section */
		04989F7029202E7D0041FF59 /* Sources */ = {
			isa = PBXSourcesBuildPhase;
			buildActionMask = 2147483647;
			files = (
				04989F9D2920302C0041FF59 /* RegisterView.swift in Sources */,
				0444E684292C1390000AD700 /* AddCarUIView.swift in Sources */,
				04989F9F2920305F0041FF59 /* VerifView.swift in Sources */,
				0431740D29313BCD00BF0ADC /* ProductRow.swift in Sources */,
				04E53372292D0CE9008BB882 /* CarViewModel.swift in Sources */,
				0444E67A292C0CD3000AD700 /* SwiftUIView.swift in Sources */,
				04989F8429202E7E0041FF59 /* carNote.xcdatamodeld in Sources */,
				0444E686292C1DFF000AD700 /* Car.swift in Sources */,
				04989F9529202FBE0041FF59 /* ForgotPasswordView.swift in Sources */,
				04989F9B292030130041FF59 /* ProfileView.swift in Sources */,
				0431740B29312D7C00BF0ADC /* CartManager.swift in Sources */,
				0431740929312B9100BF0ADC /* CartView.swift in Sources */,
				04989F9329202F940041FF59 /* UserViewModel.swift in Sources */,
				0431740529311A1D00BF0ADC /* ContentView.swift in Sources */,
				04989F8129202E7E0041FF59 /* Persistence.swift in Sources */,
				0444E676292BEAE0000AD700 /* UserProfileView.swift in Sources */,
				043173FD2930FC6200BF0ADC /* Produit.swift in Sources */,
				04989F9729202FE20041FF59 /* LoginScreenView.swift in Sources */,
				043174072931279900BF0ADC /* CartButton.swift in Sources */,
				04989F9929202FFC0041FF59 /* ModifyView.swift in Sources */,
				04100ECC29293089004E124C /* ImagePickerView.swift in Sources */,
				0431740229310D5500BF0ADC /* ProductCard.swift in Sources */,
				04989F7A29202E7D0041FF59 /* HomeView.swift in Sources */,
				0444E682292C12C5000AD700 /* ChatUIView.swift in Sources */,
				04E53377292D54D4008BB882 /* CarUIView.swift in Sources */,
				0444E680292C12B3000AD700 /* StatistiqueUIView.swift in Sources */,
				04989F9129202F6A0041FF59 /* User.swift in Sources */,
				0444E678292BF9A9000AD700 /* DateEntretienUIView.swift in Sources */,
				04989F7829202E7D0041FF59 /* carNoteApp.swift in Sources */,
			);
			runOnlyForDeploymentPostprocessing = 0;
		};
/* End PBXSourcesBuildPhase section */

/* Begin XCBuildConfiguration section */
		04989F8529202E7E0041FF59 /* Debug */ = {
			isa = XCBuildConfiguration;
			buildSettings = {
				ALWAYS_SEARCH_USER_PATHS = NO;
				CLANG_ANALYZER_NONNULL = YES;
				CLANG_ANALYZER_NUMBER_OBJECT_CONVERSION = YES_AGGRESSIVE;
				CLANG_CXX_LANGUAGE_STANDARD = "gnu++20";
				CLANG_ENABLE_MODULES = YES;
				CLANG_ENABLE_OBJC_ARC = YES;
				CLANG_ENABLE_OBJC_WEAK = YES;
				CLANG_WARN_BLOCK_CAPTURE_AUTORELEASING = YES;
				CLANG_WARN_BOOL_CONVERSION = YES;
				CLANG_WARN_COMMA = YES;
				CLANG_WARN_CONSTANT_CONVERSION = YES;
				CLANG_WARN_DEPRECATED_OBJC_IMPLEMENTATIONS = YES;
				CLANG_WARN_DIRECT_OBJC_ISA_USAGE = YES_ERROR;
				CLANG_WARN_DOCUMENTATION_COMMENTS = YES;
				CLANG_WARN_EMPTY_BODY = YES;
				CLANG_WARN_ENUM_CONVERSION = YES;
				CLANG_WARN_INFINITE_RECURSION = YES;
				CLANG_WARN_INT_CONVERSION = YES;
				CLANG_WARN_NON_LITERAL_NULL_CONVERSION = YES;
				CLANG_WARN_OBJC_IMPLICIT_RETAIN_SELF = YES;
				CLANG_WARN_OBJC_LITERAL_CONVERSION = YES;
				CLANG_WARN_OBJC_ROOT_CLASS = YES_ERROR;
				CLANG_WARN_QUOTED_INCLUDE_IN_FRAMEWORK_HEADER = YES;
				CLANG_WARN_RANGE_LOOP_ANALYSIS = YES;
				CLANG_WARN_STRICT_PROTOTYPES = YES;
				CLANG_WARN_SUSPICIOUS_MOVE = YES;
				CLANG_WARN_UNGUARDED_AVAILABILITY = YES_AGGRESSIVE;
				CLANG_WARN_UNREACHABLE_CODE = YES;
				CLANG_WARN__DUPLICATE_METHOD_MATCH = YES;
				COPY_PHASE_STRIP = NO;
				DEBUG_INFORMATION_FORMAT = dwarf;
				ENABLE_STRICT_OBJC_MSGSEND = YES;
				ENABLE_TESTABILITY = YES;
				GCC_C_LANGUAGE_STANDARD = gnu11;
				GCC_DYNAMIC_NO_PIC = NO;
				GCC_NO_COMMON_BLOCKS = YES;
				GCC_OPTIMIZATION_LEVEL = 0;
				GCC_PREPROCESSOR_DEFINITIONS = (
					"DEBUG=1",
					"$(inherited)",
				);
				GCC_WARN_64_TO_32_BIT_CONVERSION = YES;
				GCC_WARN_ABOUT_RETURN_TYPE = YES_ERROR;
				GCC_WARN_UNDECLARED_SELECTOR = YES;
				GCC_WARN_UNINITIALIZED_AUTOS = YES_AGGRESSIVE;
				GCC_WARN_UNUSED_FUNCTION = YES;
				GCC_WARN_UNUSED_VARIABLE = YES;
				IPHONEOS_DEPLOYMENT_TARGET = 16.1;
				MTL_ENABLE_DEBUG_INFO = INCLUDE_SOURCE;
				MTL_FAST_MATH = YES;
				ONLY_ACTIVE_ARCH = YES;
				SDKROOT = iphoneos;
				SWIFT_ACTIVE_COMPILATION_CONDITIONS = DEBUG;
				SWIFT_OPTIMIZATION_LEVEL = "-Onone";
			};
			name = Debug;
		};
		04989F8629202E7E0041FF59 /* Release */ = {
			isa = XCBuildConfiguration;
			buildSettings = {
				ALWAYS_SEARCH_USER_PATHS = NO;
				CLANG_ANALYZER_NONNULL = YES;
				CLANG_ANALYZER_NUMBER_OBJECT_CONVERSION = YES_AGGRESSIVE;
				CLANG_CXX_LANGUAGE_STANDARD = "gnu++20";
				CLANG_ENABLE_MODULES = YES;
				CLANG_ENABLE_OBJC_ARC = YES;
				CLANG_ENABLE_OBJC_WEAK = YES;
				CLANG_WARN_BLOCK_CAPTURE_AUTORELEASING = YES;
				CLANG_WARN_BOOL_CONVERSION = YES;
				CLANG_WARN_COMMA = YES;
				CLANG_WARN_CONSTANT_CONVERSION = YES;
				CLANG_WARN_DEPRECATED_OBJC_IMPLEMENTATIONS = YES;
				CLANG_WARN_DIRECT_OBJC_ISA_USAGE = YES_ERROR;
				CLANG_WARN_DOCUMENTATION_COMMENTS = YES;
				CLANG_WARN_EMPTY_BODY = YES;
				CLANG_WARN_ENUM_CONVERSION = YES;
				CLANG_WARN_INFINITE_RECURSION = YES;
				CLANG_WARN_INT_CONVERSION = YES;
				CLANG_WARN_NON_LITERAL_NULL_CONVERSION = YES;
				CLANG_WARN_OBJC_IMPLICIT_RETAIN_SELF = YES;
				CLANG_WARN_OBJC_LITERAL_CONVERSION = YES;
				CLANG_WARN_OBJC_ROOT_CLASS = YES_ERROR;
				CLANG_WARN_QUOTED_INCLUDE_IN_FRAMEWORK_HEADER = YES;
				CLANG_WARN_RANGE_LOOP_ANALYSIS = YES;
				CLANG_WARN_STRICT_PROTOTYPES = YES;
				CLANG_WARN_SUSPICIOUS_MOVE = YES;
				CLANG_WARN_UNGUARDED_AVAILABILITY = YES_AGGRESSIVE;
				CLANG_WARN_UNREACHABLE_CODE = YES;
				CLANG_WARN__DUPLICATE_METHOD_MATCH = YES;
				COPY_PHASE_STRIP = NO;
				DEBUG_INFORMATION_FORMAT = "dwarf-with-dsym";
				ENABLE_NS_ASSERTIONS = NO;
				ENABLE_STRICT_OBJC_MSGSEND = YES;
				GCC_C_LANGUAGE_STANDARD = gnu11;
				GCC_NO_COMMON_BLOCKS = YES;
				GCC_WARN_64_TO_32_BIT_CONVERSION = YES;
				GCC_WARN_ABOUT_RETURN_TYPE = YES_ERROR;
				GCC_WARN_UNDECLARED_SELECTOR = YES;
				GCC_WARN_UNINITIALIZED_AUTOS = YES_AGGRESSIVE;
				GCC_WARN_UNUSED_FUNCTION = YES;
				GCC_WARN_UNUSED_VARIABLE = YES;
				IPHONEOS_DEPLOYMENT_TARGET = 16.1;
				MTL_ENABLE_DEBUG_INFO = NO;
				MTL_FAST_MATH = YES;
				SDKROOT = iphoneos;
				SWIFT_COMPILATION_MODE = wholemodule;
				SWIFT_OPTIMIZATION_LEVEL = "-O";
				VALIDATE_PRODUCT = YES;
			};
			name = Release;
		};
		04989F8829202E7E0041FF59 /* Debug */ = {
			isa = XCBuildConfiguration;
			buildSettings = {
				ASSETCATALOG_COMPILER_APPICON_NAME = AppIcon;
				ASSETCATALOG_COMPILER_GLOBAL_ACCENT_COLOR_NAME = AccentColor;
				CODE_SIGN_STYLE = Automatic;
				CURRENT_PROJECT_VERSION = 1;
				DEVELOPMENT_ASSET_PATHS = "\"carNote/Preview Content\"";
				ENABLE_PREVIEWS = YES;
				GENERATE_INFOPLIST_FILE = YES;
				INFOPLIST_KEY_UIApplicationSceneManifest_Generation = YES;
				INFOPLIST_KEY_UIApplicationSupportsIndirectInputEvents = YES;
				INFOPLIST_KEY_UILaunchScreen_Generation = YES;
				INFOPLIST_KEY_UISupportedInterfaceOrientations_iPad = "UIInterfaceOrientationPortrait UIInterfaceOrientationPortraitUpsideDown UIInterfaceOrientationLandscapeLeft UIInterfaceOrientationLandscapeRight";
				INFOPLIST_KEY_UISupportedInterfaceOrientations_iPhone = "UIInterfaceOrientationPortrait UIInterfaceOrientationLandscapeLeft UIInterfaceOrientationLandscapeRight";
				LD_RUNPATH_SEARCH_PATHS = (
					"$(inherited)",
					"@executable_path/Frameworks",
				);
				MARKETING_VERSION = 1.0;
				PRODUCT_BUNDLE_IDENTIFIER = com.esprit.carNote;
				PRODUCT_NAME = "$(TARGET_NAME)";
				SWIFT_EMIT_LOC_STRINGS = YES;
				SWIFT_VERSION = 5.0;
				TARGETED_DEVICE_FAMILY = "1,2";
			};
			name = Debug;
		};
		04989F8929202E7E0041FF59 /* Release */ = {
			isa = XCBuildConfiguration;
			buildSettings = {
				ASSETCATALOG_COMPILER_APPICON_NAME = AppIcon;
				ASSETCATALOG_COMPILER_GLOBAL_ACCENT_COLOR_NAME = AccentColor;
				CODE_SIGN_STYLE = Automatic;
				CURRENT_PROJECT_VERSION = 1;
				DEVELOPMENT_ASSET_PATHS = "\"carNote/Preview Content\"";
				ENABLE_PREVIEWS = YES;
				GENERATE_INFOPLIST_FILE = YES;
				INFOPLIST_KEY_UIApplicationSceneManifest_Generation = YES;
				INFOPLIST_KEY_UIApplicationSupportsIndirectInputEvents = YES;
				INFOPLIST_KEY_UILaunchScreen_Generation = YES;
				INFOPLIST_KEY_UISupportedInterfaceOrientations_iPad = "UIInterfaceOrientationPortrait UIInterfaceOrientationPortraitUpsideDown UIInterfaceOrientationLandscapeLeft UIInterfaceOrientationLandscapeRight";
				INFOPLIST_KEY_UISupportedInterfaceOrientations_iPhone = "UIInterfaceOrientationPortrait UIInterfaceOrientationLandscapeLeft UIInterfaceOrientationLandscapeRight";
				LD_RUNPATH_SEARCH_PATHS = (
					"$(inherited)",
					"@executable_path/Frameworks",
				);
				MARKETING_VERSION = 1.0;
				PRODUCT_BUNDLE_IDENTIFIER = com.esprit.carNote;
				PRODUCT_NAME = "$(TARGET_NAME)";
				SWIFT_EMIT_LOC_STRINGS = YES;
				SWIFT_VERSION = 5.0;
				TARGETED_DEVICE_FAMILY = "1,2";
			};
			name = Release;
		};
/* End XCBuildConfiguration section */

/* Begin XCConfigurationList section */
		04989F6F29202E7D0041FF59 /* Build configuration list for PBXProject "carNote" */ = {
			isa = XCConfigurationList;
			buildConfigurations = (
				04989F8529202E7E0041FF59 /* Debug */,
				04989F8629202E7E0041FF59 /* Release */,
			);
			defaultConfigurationIsVisible = 0;
			defaultConfigurationName = Release;
		};
		04989F8729202E7E0041FF59 /* Build configuration list for PBXNativeTarget "carNote" */ = {
			isa = XCConfigurationList;
			buildConfigurations = (
				04989F8829202E7E0041FF59 /* Debug */,
				04989F8929202E7E0041FF59 /* Release */,
			);
			defaultConfigurationIsVisible = 0;
			defaultConfigurationName = Release;
		};
/* End XCConfigurationList section */

/* Begin XCRemoteSwiftPackageReference section */
		04989FA0292030F70041FF59 /* XCRemoteSwiftPackageReference "Alamofire" */ = {
			isa = XCRemoteSwiftPackageReference;
			repositoryURL = "https://github.com/Alamofire/Alamofire.git";
			requirement = {
				branch = master;
				kind = branch;
			};
		};
/* End XCRemoteSwiftPackageReference section */

/* Begin XCSwiftPackageProductDependency section */
		04989FA1292030F70041FF59 /* Alamofire */ = {
			isa = XCSwiftPackageProductDependency;
			package = 04989FA0292030F70041FF59 /* XCRemoteSwiftPackageReference "Alamofire" */;
			productName = Alamofire;
		};
/* End XCSwiftPackageProductDependency section */

/* Begin XCVersionGroup section */
		04989F8229202E7E0041FF59 /* carNote.xcdatamodeld */ = {
			isa = XCVersionGroup;
			children = (
				04989F8329202E7E0041FF59 /* carNote.xcdatamodel */,
			);
			currentVersion = 04989F8329202E7E0041FF59 /* carNote.xcdatamodel */;
			path = carNote.xcdatamodeld;
			sourceTree = "<group>";
			versionGroupType = wrapper.xcdatamodel;
		};
/* End XCVersionGroup section */
	};
	rootObject = 04989F6C29202E7D0041FF59 /* Project object */;
}
